{
  "name": "test-drand",
  "version": "1.0.0",
  "lockfileVersion": 3,
  "requires": true,
  "packages": {
    "": {
      "name": "test-drand",
      "version": "1.0.0",
      "license": "ISC",
      "dependencies": {
        "drand-client": "^1.1.0"
      }
    },
    "node_modules/@noble/bls12-381": {
      "version": "1.4.0",
      "resolved": "https://registry.npmjs.org/@noble/bls12-381/-/bls12-381-1.4.0.tgz",
      "integrity": "sha512-mIYqC2jMX7Lcu1QtU/FFftMPDSXNCdlGex6BSf5nPojHjnzzBgs1klFWpB1R8YjqHmOO9xrCzF19f2c42+z3vg==",
      "deprecated": "Switch to @noble/curves for security updates",
      "funding": [
        {
          "type": "individual",
          "url": "https://paulmillr.com/funding/"
        }
      ]
    },
    "node_modules/drand-client": {
      "version": "1.1.0",
      "resolved": "https://registry.npmjs.org/drand-client/-/drand-client-1.1.0.tgz",
      "integrity": "sha512-CszMNTfYxUafKp3eEJHbg5G4OO2Kh11XnWBQ8hnNYEfVybrxqsWLipagaLtT5mOXozB8aICoOCvZh3wYmTc8BQ==",
      "dependencies": {
        "@noble/bls12-381": "^1.4.0"
      },
      "engines": {
        "node": ">= 10.4.0"
      }
    }
  }
}
